
Microsoft Visual Studio Solution File, Format Version 12.00
# Visual Studio 15
VisualStudioVersion = 15.0.26124.0
MinimumVisualStudioVersion = 15.0.26124.0
Project("{FAE04EC0-301F-11D3-BF4B-00C04F79EFBC}") = "Suckless.Asserts", "Suckless.Asserts\Suckless.Asserts.csproj", "{F6469A4C-0118-4653-8A78-A1DB3ADF9F93}"
EndProject
Project("{FAE04EC0-301F-11D3-BF4B-00C04F79EFBC}") = "Suckless.Asserts.Tests", "Suckless.Asserts.Tests\Suckless.Asserts.Tests.csproj", "{9B9C67E2-6FE5-444D-ACFA-189F28DE3421}"
EndProject
Project("{FAE04EC0-301F-11D3-BF4B-00C04F79EFBC}") = "Suckless.Asserts.Benchmark", "Suckless.Asserts.Benchmark\Suckless.Asserts.Benchmark.csproj", "{8E80BEF2-B2F0-4222-A8AC-F48FB79AB0AD}"
EndProject
Global
	GlobalSection(SolutionConfigurationPlatforms) = preSolution
		Debug|Any CPU = Debug|Any CPU
		Debug|x64 = Debug|x64
		Debug|x86 = Debug|x86
		Release|Any CPU = Release|Any CPU
		Release|x64 = Release|x64
		Release|x86 = Release|x86
	EndGlobalSection
	GlobalSection(SolutionProperties) = preSolution
		HideSolutionNode = FALSE
	EndGlobalSection
	GlobalSection(ProjectConfigurationPlatforms) = postSolution
		{F6469A4C-0118-4653-8A78-A1DB3ADF9F93}.Debug|Any CPU.ActiveCfg = Debug|Any CPU
		{F6469A4C-0118-4653-8A78-A1DB3ADF9F93}.Debug|Any CPU.Build.0 = Debug|Any CPU
		{F6469A4C-0118-4653-8A78-A1DB3ADF9F93}.Debug|x64.ActiveCfg = Debug|Any CPU
		{F6469A4C-0118-4653-8A78-A1DB3ADF9F93}.Debug|x64.Build.0 = Debug|Any CPU
		{F6469A4C-0118-4653-8A78-A1DB3ADF9F93}.Debug|x86.ActiveCfg = Debug|Any CPU
		{F6469A4C-0118-4653-8A78-A1DB3ADF9F93}.Debug|x86.Build.0 = Debug|Any CPU
		{F6469A4C-0118-4653-8A78-A1DB3ADF9F93}.Release|Any CPU.ActiveCfg = Release|Any CPU
		{F6469A4C-0118-4653-8A78-A1DB3ADF9F93}.Release|Any CPU.Build.0 = Release|Any CPU
		{F6469A4C-0118-4653-8A78-A1DB3ADF9F93}.Release|x64.ActiveCfg = Release|Any CPU
		{F6469A4C-0118-4653-8A78-A1DB3ADF9F93}.Release|x64.Build.0 = Release|Any CPU
		{F6469A4C-0118-4653-8A78-A1DB3ADF9F93}.Release|x86.ActiveCfg = Release|Any CPU
		{F6469A4C-0118-4653-8A78-A1DB3ADF9F93}.Release|x86.Build.0 = Release|Any CPU
		{9B9C67E2-6FE5-444D-ACFA-189F28DE3421}.Debug|Any CPU.ActiveCfg = Debug|Any CPU
		{9B9C67E2-6FE5-444D-ACFA-189F28DE3421}.Debug|Any CPU.Build.0 = Debug|Any CPU
		{9B9C67E2-6FE5-444D-ACFA-189F28DE3421}.Debug|x64.ActiveCfg = Debug|Any CPU
		{9B9C67E2-6FE5-444D-ACFA-189F28DE3421}.Debug|x64.Build.0 = Debug|Any CPU
		{9B9C67E2-6FE5-444D-ACFA-189F28DE3421}.Debug|x86.ActiveCfg = Debug|Any CPU
		{9B9C67E2-6FE5-444D-ACFA-189F28DE3421}.Debug|x86.Build.0 = Debug|Any CPU
		{9B9C67E2-6FE5-444D-ACFA-189F28DE3421}.Release|Any CPU.ActiveCfg = Release|Any CPU
		{9B9C67E2-6FE5-444D-ACFA-189F28DE3421}.Release|Any CPU.Build.0 = Release|Any CPU
		{9B9C67E2-6FE5-444D-ACFA-189F28DE3421}.Release|x64.ActiveCfg = Release|Any CPU
		{9B9C67E2-6FE5-444D-ACFA-189F28DE3421}.Release|x64.Build.0 = Release|Any CPU
		{9B9C67E2-6FE5-444D-ACFA-189F28DE3421}.Release|x86.ActiveCfg = Release|Any CPU
		{9B9C67E2-6FE5-444D-ACFA-189F28DE3421}.Release|x86.Build.0 = Release|Any CPU
		{8E80BEF2-B2F0-4222-A8AC-F48FB79AB0AD}.Debug|Any CPU.ActiveCfg = Debug|Any CPU
		{8E80BEF2-B2F0-4222-A8AC-F48FB79AB0AD}.Debug|Any CPU.Build.0 = Debug|Any CPU
		{8E80BEF2-B2F0-4222-A8AC-F48FB79AB0AD}.Debug|x64.ActiveCfg = Debug|Any CPU
		{8E80BEF2-B2F0-4222-A8AC-F48FB79AB0AD}.Debug|x64.Build.0 = Debug|Any CPU
		{8E80BEF2-B2F0-4222-A8AC-F48FB79AB0AD}.Debug|x86.ActiveCfg = Debug|Any CPU
		{8E80BEF2-B2F0-4222-A8AC-F48FB79AB0AD}.Debug|x86.Build.0 = Debug|Any CPU
		{8E80BEF2-B2F0-4222-A8AC-F48FB79AB0AD}.Release|Any CPU.ActiveCfg = Release|Any CPU
		{8E80BEF2-B2F0-4222-A8AC-F48FB79AB0AD}.Release|Any CPU.Build.0 = Release|Any CPU
		{8E80BEF2-B2F0-4222-A8AC-F48FB79AB0AD}.Release|x64.ActiveCfg = Release|Any CPU
		{8E80BEF2-B2F0-4222-A8AC-F48FB79AB0AD}.Release|x64.Build.0 = Release|Any CPU
		{8E80BEF2-B2F0-4222-A8AC-F48FB79AB0AD}.Release|x86.ActiveCfg = Release|Any CPU
		{8E80BEF2-B2F0-4222-A8AC-F48FB79AB0AD}.Release|x86.Build.0 = Release|Any CPU
	EndGlobalSection
EndGlobal
